
Microsoft Visual Studio Solution File, Format Version 12.00
# Visual Studio Version 17
VisualStudioVersion = 17.7.34221.43
MinimumVisualStudioVersion = 10.0.40219.1
Project("{FAE04EC0-301F-11D3-BF4B-00C04F79EFBC}") = "AlexDiGuidoWebsite", "AlexDiGuidoWebsite\AlexDiGuidoWebsite.csproj", "{16520C07-D796-40F4-B40B-E05B61F82F00}"
EndProject
Global
	GlobalSection(SolutionConfigurationPlatforms) = preSolution
		Debug|Any CPU = Debug|Any CPU
		Release|Any CPU = Release|Any CPU
	EndGlobalSection
	GlobalSection(ProjectConfigurationPlatforms) = postSolution
		{16520C07-D796-40F4-B40B-E05B61F82F00}.Debug|Any CPU.ActiveCfg = Debug|Any CPU
		{16520C07-D796-40F4-B40B-E05B61F82F00}.Debug|Any CPU.Build.0 = Debug|Any CPU
		{16520C07-D796-40F4-B40B-E05B61F82F00}.Release|Any CPU.ActiveCfg = Release|Any CPU
		{16520C07-D796-40F4-B40B-E05B61F82F00}.Release|Any CPU.Build.0 = Release|Any CPU
	EndGlobalSection
	GlobalSection(SolutionProperties) = preSolution
		HideSolutionNode = FALSE
	EndGlobalSection
	GlobalSection(ExtensibilityGlobals) = postSolution
		SolutionGuid = {F2408ADE-5FD4-44E8-A7EA-1642E9477B6E}
	EndGlobalSection
EndGlobal
